
Microsoft Visual Studio Solution File, Format Version 12.00
# Visual Studio Version 16
VisualStudioVersion = 16.0.31624.102
MinimumVisualStudioVersion = 10.0.40219.1
Project("{FAE04EC0-301F-11D3-BF4B-00C04F79EFBC}") = "MyDifferentFunctionalAreas", "MyDifferentFunctionalAreas.csproj", "{4598682A-32A9-4513-8779-87AD2F3F8859}"
EndProject
Global
	GlobalSection(SolutionConfigurationPlatforms) = preSolution
		Debug|Any CPU = Debug|Any CPU
		Release|Any CPU = Release|Any CPU
	EndGlobalSection
	GlobalSection(ProjectConfigurationPlatforms) = postSolution
		{4598682A-32A9-4513-8779-87AD2F3F8859}.Debug|Any CPU.ActiveCfg = Debug|Any CPU
		{4598682A-32A9-4513-8779-87AD2F3F8859}.Debug|Any CPU.Build.0 = Debug|Any CPU
		{4598682A-32A9-4513-8779-87AD2F3F8859}.Release|Any CPU.ActiveCfg = Release|Any CPU
		{4598682A-32A9-4513-8779-87AD2F3F8859}.Release|Any CPU.Build.0 = Release|Any CPU
	EndGlobalSection
	GlobalSection(SolutionProperties) = preSolution
		HideSolutionNode = FALSE
	EndGlobalSection
	GlobalSection(ExtensibilityGlobals) = postSolution
		SolutionGuid = {5F762E2C-B31B-4C02-8C3B-D4294D98A81E}
	EndGlobalSection
EndGlobal
